// !$*UTF8*$!
{
	archiveVersion = 1;
	classes = {
	};
	objectVersion = 50;
	objects = {

/* Begin PBXBuildFile section */
		70124ED1DA71F093CD128DF1 /* libPods-loginFacebook.a in Frameworks */ = {isa = PBXBuildFile; fileRef = FEE971A2F3F6E82CCE02CB8F /* libPods-loginFacebook.a */; };
		9D43DED82279F42F006AD17C /* AppDelegate.swift in Sources */ = {isa = PBXBuildFile; fileRef = 9D43DED72279F42F006AD17C /* AppDelegate.swift */; };
		9D43DEDA2279F42F006AD17C /* ViewController.swift in Sources */ = {isa = PBXBuildFile; fileRef = 9D43DED92279F42F006AD17C /* ViewController.swift */; };
		9D43DEDD2279F42F006AD17C /* Main.storyboard in Resources */ = {isa = PBXBuildFile; fileRef = 9D43DEDB2279F42F006AD17C /* Main.storyboard */; };
		9D43DEDF2279F430006AD17C /* Assets.xcassets in Resources */ = {isa = PBXBuildFile; fileRef = 9D43DEDE2279F430006AD17C /* Assets.xcassets */; };
		9D43DEE22279F430006AD17C /* LaunchScreen.storyboard in Resources */ = {isa = PBXBuildFile; fileRef = 9D43DEE02279F430006AD17C /* LaunchScreen.storyboard */; };
		9D43DEED2279F431006AD17C /* loginFacebookTests.swift in Sources */ = {isa = PBXBuildFile; fileRef = 9D43DEEC2279F431006AD17C /* loginFacebookTests.swift */; };
		9D43DEF82279F431006AD17C /* loginFacebookUITests.swift in Sources */ = {isa = PBXBuildFile; fileRef = 9D43DEF72279F431006AD17C /* loginFacebookUITests.swift */; };
		9D43DF062279F526006AD17C /* GoogleService-Info.plist in Resources */ = {isa = PBXBuildFile; fileRef = 9D43DF052279F525006AD17C /* GoogleService-Info.plist */; };
		9D43DF0A2279FE21006AD17C /* FBSDKCoreKit.framework in Frameworks */ = {isa = PBXBuildFile; fileRef = 9D43DF072279FE1F006AD17C /* FBSDKCoreKit.framework */; };
		9D43DF0B2279FE21006AD17C /* FBSDKLoginKit.framework in Frameworks */ = {isa = PBXBuildFile; fileRef = 9D43DF082279FE20006AD17C /* FBSDKLoginKit.framework */; };
		9D43DF0C2279FE21006AD17C /* FBSDKShareKit.framework in Frameworks */ = {isa = PBXBuildFile; fileRef = 9D43DF092279FE21006AD17C /* FBSDKShareKit.framework */; };
		9D43DF0E2279FF25006AD17C /* Bolts.framework in Frameworks */ = {isa = PBXBuildFile; fileRef = 9D43DF0D2279FF25006AD17C /* Bolts.framework */; };
/* End PBXBuildFile section */

/* Begin PBXContainerItemProxy section */
		9D43DEE92279F431006AD17C /* PBXContainerItemProxy */ = {
			isa = PBXContainerItemProxy;
			containerPortal = 9D43DECC2279F42F006AD17C /* Project object */;
			proxyType = 1;
			remoteGlobalIDString = 9D43DED32279F42F006AD17C;
			remoteInfo = loginFacebook;
		};
		9D43DEF42279F431006AD17C /* PBXContainerItemProxy */ = {
			isa = PBXContainerItemProxy;
			containerPortal = 9D43DECC2279F42F006AD17C /* Project object */;
			proxyType = 1;
			remoteGlobalIDString = 9D43DED32279F42F006AD17C;
			remoteInfo = loginFacebook;
		};
/* End PBXContainerItemProxy section */

/* Begin PBXFileReference section */
		23B797B7C0A7CA340A523CBF /* Pods-loginFacebook.debug.xcconfig */ = {isa = PBXFileReference; includeInIndex = 1; lastKnownFileType = text.xcconfig; name = "Pods-loginFacebook.debug.xcconfig"; path = "Target Support Files/Pods-loginFacebook/Pods-loginFacebook.debug.xcconfig"; sourceTree = "<group>"; };
		9C2B84B64148F2E6AC554FBA /* Pods-loginFacebook.release.xcconfig */ = {isa = PBXFileReference; includeInIndex = 1; lastKnownFileType = text.xcconfig; name = "Pods-loginFacebook.release.xcconfig"; path = "Target Support Files/Pods-loginFacebook/Pods-loginFacebook.release.xcconfig"; sourceTree = "<group>"; };
		9D43DED42279F42F006AD17C /* loginFacebook.app */ = {isa = PBXFileReference; explicitFileType = wrapper.application; includeInIndex = 0; path = loginFacebook.app; sourceTree = BUILT_PRODUCTS_DIR; };
		9D43DED72279F42F006AD17C /* AppDelegate.swift */ = {isa = PBXFileReference; lastKnownFileType = sourcecode.swift; path = AppDelegate.swift; sourceTree = "<group>"; };
		9D43DED92279F42F006AD17C /* ViewController.swift */ = {isa = PBXFileReference; lastKnownFileType = sourcecode.swift; path = ViewController.swift; sourceTree = "<group>"; };
		9D43DEDC2279F42F006AD17C /* Base */ = {isa = PBXFileReference; lastKnownFileType = file.storyboard; name = Base; path = Base.lproj/Main.storyboard; sourceTree = "<group>"; };
		9D43DEDE2279F430006AD17C /* Assets.xcassets */ = {isa = PBXFileReference; lastKnownFileType = folder.assetcatalog; path = Assets.xcassets; sourceTree = "<group>"; };
		9D43DEE12279F430006AD17C /* Base */ = {isa = PBXFileReference; lastKnownFileType = file.storyboard; name = Base; path = Base.lproj/LaunchScreen.storyboard; sourceTree = "<group>"; };
		9D43DEE32279F430006AD17C /* Info.plist */ = {isa = PBXFileReference; lastKnownFileType = text.plist.xml; path = Info.plist; sourceTree = "<group>"; };
		9D43DEE82279F431006AD17C /* loginFacebookTests.xctest */ = {isa = PBXFileReference; explicitFileType = wrapper.cfbundle; includeInIndex = 0; path = loginFacebookTests.xctest; sourceTree = BUILT_PRODUCTS_DIR; };
		9D43DEEC2279F431006AD17C /* loginFacebookTests.swift */ = {isa = PBXFileReference; lastKnownFileType = sourcecode.swift; path = loginFacebookTests.swift; sourceTree = "<group>"; };
		9D43DEEE2279F431006AD17C /* Info.plist */ = {isa = PBXFileReference; lastKnownFileType = text.plist.xml; path = Info.plist; sourceTree = "<group>"; };
		9D43DEF32279F431006AD17C /* loginFacebookUITests.xctest */ = {isa = PBXFileReference; explicitFileType = wrapper.cfbundle; includeInIndex = 0; path = loginFacebookUITests.xctest; sourceTree = BUILT_PRODUCTS_DIR; };
		9D43DEF72279F431006AD17C /* loginFacebookUITests.swift */ = {isa = PBXFileReference; lastKnownFileType = sourcecode.swift; path = loginFacebookUITests.swift; sourceTree = "<group>"; };
		9D43DEF92279F431006AD17C /* Info.plist */ = {isa = PBXFileReference; lastKnownFileType = text.plist.xml; path = Info.plist; sourceTree = "<group>"; };
		9D43DF052279F525006AD17C /* GoogleService-Info.plist */ = {isa = PBXFileReference; fileEncoding = 4; lastKnownFileType = text.plist.xml; path = "GoogleService-Info.plist"; sourceTree = "<group>"; };
		9D43DF072279FE1F006AD17C /* FBSDKCoreKit.framework */ = {isa = PBXFileReference; lastKnownFileType = wrapper.framework; path = FBSDKCoreKit.framework; sourceTree = "<group>"; };
		9D43DF082279FE20006AD17C /* FBSDKLoginKit.framework */ = {isa = PBXFileReference; lastKnownFileType = wrapper.framework; path = FBSDKLoginKit.framework; sourceTree = "<group>"; };
		9D43DF092279FE21006AD17C /* FBSDKShareKit.framework */ = {isa = PBXFileReference; lastKnownFileType = wrapper.framework; path = FBSDKShareKit.framework; sourceTree = "<group>"; };
		9D43DF0D2279FF25006AD17C /* Bolts.framework */ = {isa = PBXFileReference; lastKnownFileType = wrapper.framework; path = Bolts.framework; sourceTree = "<group>"; };
		FEE971A2F3F6E82CCE02CB8F /* libPods-loginFacebook.a */ = {isa = PBXFileReference; explicitFileType = archive.ar; includeInIndex = 0; path = "libPods-loginFacebook.a"; sourceTree = BUILT_PRODUCTS_DIR; };
/* End PBXFileReference section */

/* Begin PBXFrameworksBuildPhase section */
		9D43DED12279F42F006AD17C /* Frameworks */ = {
			isa = PBXFrameworksBuildPhase;
			buildActionMask = 2147483647;
			files = (
				70124ED1DA71F093CD128DF1 /* libPods-loginFacebook.a in Frameworks */,
				9D43DF0E2279FF25006AD17C /* Bolts.framework in Frameworks */,
			);
			runOnlyForDeploymentPostprocessing = 0;
		};
		9D43DEE52279F431006AD17C /* Frameworks */ = {
			isa = PBXFrameworksBuildPhase;
			buildActionMask = 2147483647;
			files = (
				9D43DF0B2279FE21006AD17C /* FBSDKLoginKit.framework in Frameworks */,
				9D43DF0A2279FE21006AD17C /* FBSDKCoreKit.framework in Frameworks */,
				9D43DF0C2279FE21006AD17C /* FBSDKShareKit.framework in Frameworks */,
			);
			runOnlyForDeploymentPostprocessing = 0;
		};
		9D43DEF02279F431006AD17C /* Frameworks */ = {
			isa = PBXFrameworksBuildPhase;
			buildActionMask = 2147483647;
			files = (
			);
			runOnlyForDeploymentPostprocessing = 0;
		};
/* End PBXFrameworksBuildPhase section */

/* Begin PBXGroup section */
		961992F450209DC47C8A306C /* Frameworks */ = {
			isa = PBXGroup;
			children = (
				FEE971A2F3F6E82CCE02CB8F /* libPods-loginFacebook.a */,
			);
			name = Frameworks;
			sourceTree = "<group>";
		};
		9D43DECB2279F42F006AD17C = {
			isa = PBXGroup;
			children = (
				9D43DED62279F42F006AD17C /* loginFacebook */,
				9D43DF052279F525006AD17C /* GoogleService-Info.plist */,
				9D43DF0D2279FF25006AD17C /* Bolts.framework */,
				9D43DF082279FE20006AD17C /* FBSDKLoginKit.framework */,
				9D43DF072279FE1F006AD17C /* FBSDKCoreKit.framework */,
				9D43DF092279FE21006AD17C /* FBSDKShareKit.framework */,
				9D43DEEB2279F431006AD17C /* loginFacebookTests */,
				9D43DEF62279F431006AD17C /* loginFacebookUITests */,
				9D43DED52279F42F006AD17C /* Products */,
				BAB961CB91A2CC32F8E03398 /* Pods */,
				961992F450209DC47C8A306C /* Frameworks */,
			);
			sourceTree = "<group>";
		};
		9D43DED52279F42F006AD17C /* Products */ = {
			isa = PBXGroup;
			children = (
				9D43DED42279F42F006AD17C /* loginFacebook.app */,
				9D43DEE82279F431006AD17C /* loginFacebookTests.xctest */,
				9D43DEF32279F431006AD17C /* loginFacebookUITests.xctest */,
			);
			name = Products;
			sourceTree = "<group>";
		};
		9D43DED62279F42F006AD17C /* loginFacebook */ = {
			isa = PBXGroup;
			children = (
				9D43DED72279F42F006AD17C /* AppDelegate.swift */,
				9D43DED92279F42F006AD17C /* ViewController.swift */,
				9D43DEDB2279F42F006AD17C /* Main.storyboard */,
				9D43DEDE2279F430006AD17C /* Assets.xcassets */,
				9D43DEE02279F430006AD17C /* LaunchScreen.storyboard */,
				9D43DEE32279F430006AD17C /* Info.plist */,
			);
			path = loginFacebook;
			sourceTree = "<group>";
		};
		9D43DEEB2279F431006AD17C /* loginFacebookTests */ = {
			isa = PBXGroup;
			children = (
				9D43DEEC2279F431006AD17C /* loginFacebookTests.swift */,
				9D43DEEE2279F431006AD17C /* Info.plist */,
			);
			path = loginFacebookTests;
			sourceTree = "<group>";
		};
		9D43DEF62279F431006AD17C /* loginFacebookUITests */ = {
			isa = PBXGroup;
			children = (
				9D43DEF72279F431006AD17C /* loginFacebookUITests.swift */,
				9D43DEF92279F431006AD17C /* Info.plist */,
			);
			path = loginFacebookUITests;
			sourceTree = "<group>";
		};
		BAB961CB91A2CC32F8E03398 /* Pods */ = {
			isa = PBXGroup;
			children = (
				23B797B7C0A7CA340A523CBF /* Pods-loginFacebook.debug.xcconfig */,
				9C2B84B64148F2E6AC554FBA /* Pods-loginFacebook.release.xcconfig */,
			);
			path = Pods;
			sourceTree = "<group>";
		};
/* End PBXGroup section */

/* Begin PBXNativeTarget section */
		9D43DED32279F42F006AD17C /* loginFacebook */ = {
			isa = PBXNativeTarget;
			buildConfigurationList = 9D43DEFC2279F431006AD17C /* Build configuration list for PBXNativeTarget "loginFacebook" */;
			buildPhases = (
				364F9A1B3460942AF0528174 /* [CP] Check Pods Manifest.lock */,
				9D43DED02279F42F006AD17C /* Sources */,
				9D43DED12279F42F006AD17C /* Frameworks */,
				9D43DED22279F42F006AD17C /* Resources */,
			);
			buildRules = (
			);
			dependencies = (
			);
			name = loginFacebook;
			productName = loginFacebook;
			productReference = 9D43DED42279F42F006AD17C /* loginFacebook.app */;
			productType = "com.apple.product-type.application";
		};
		9D43DEE72279F431006AD17C /* loginFacebookTests */ = {
			isa = PBXNativeTarget;
			buildConfigurationList = 9D43DEFF2279F431006AD17C /* Build configuration list for PBXNativeTarget "loginFacebookTests" */;
			buildPhases = (
				9D43DEE42279F431006AD17C /* Sources */,
				9D43DEE52279F431006AD17C /* Frameworks */,
				9D43DEE62279F431006AD17C /* Resources */,
			);
			buildRules = (
			);
			dependencies = (
				9D43DEEA2279F431006AD17C /* PBXTargetDependency */,
			);
			name = loginFacebookTests;
			productName = loginFacebookTests;
			productReference = 9D43DEE82279F431006AD17C /* loginFacebookTests.xctest */;
			productType = "com.apple.product-type.bundle.unit-test";
		};
		9D43DEF22279F431006AD17C /* loginFacebookUITests */ = {
			isa = PBXNativeTarget;
			buildConfigurationList = 9D43DF022279F431006AD17C /* Build configuration list for PBXNativeTarget "loginFacebookUITests" */;
			buildPhases = (
				9D43DEEF2279F431006AD17C /* Sources */,
				9D43DEF02279F431006AD17C /* Frameworks */,
				9D43DEF12279F431006AD17C /* Resources */,
			);
			buildRules = (
			);
			dependencies = (
				9D43DEF52279F431006AD17C /* PBXTargetDependency */,
			);
			name = loginFacebookUITests;
			productName = loginFacebookUITests;
			productReference = 9D43DEF32279F431006AD17C /* loginFacebookUITests.xctest */;
			productType = "com.apple.product-type.bundle.ui-testing";
		};
/* End PBXNativeTarget section */

/* Begin PBXProject section */
		9D43DECC2279F42F006AD17C /* Project object */ = {
			isa = PBXProject;
			attributes = {
				LastSwiftUpdateCheck = 1010;
				LastUpgradeCheck = 1010;
				ORGANIZATIONNAME = Kien;
				TargetAttributes = {
					9D43DED32279F42F006AD17C = {
						CreatedOnToolsVersion = 10.1;
					};
					9D43DEE72279F431006AD17C = {
						CreatedOnToolsVersion = 10.1;
						TestTargetID = 9D43DED32279F42F006AD17C;
					};
					9D43DEF22279F431006AD17C = {
						CreatedOnToolsVersion = 10.1;
						TestTargetID = 9D43DED32279F42F006AD17C;
					};
				};
			};
			buildConfigurationList = 9D43DECF2279F42F006AD17C /* Build configuration list for PBXProject "loginFacebook" */;
			compatibilityVersion = "Xcode 9.3";
			developmentRegion = en;
			hasScannedForEncodings = 0;
			knownRegions = (
				en,
				Base,
			);
			mainGroup = 9D43DECB2279F42F006AD17C;
			productRefGroup = 9D43DED52279F42F006AD17C /* Products */;
			projectDirPath = "";
			projectRoot = "";
			targets = (
				9D43DED32279F42F006AD17C /* loginFacebook */,
				9D43DEE72279F431006AD17C /* loginFacebookTests */,
				9D43DEF22279F431006AD17C /* loginFacebookUITests */,
			);
		};
/* End PBXProject section */

/* Begin PBXResourcesBuildPhase section */
		9D43DED22279F42F006AD17C /* Resources */ = {
			isa = PBXResourcesBuildPhase;
			buildActionMask = 2147483647;
			files = (
				9D43DEE22279F430006AD17C /* LaunchScreen.storyboard in Resources */,
				9D43DF062279F526006AD17C /* GoogleService-Info.plist in Resources */,
				9D43DEDF2279F430006AD17C /* Assets.xcassets in Resources */,
				9D43DEDD2279F42F006AD17C /* Main.storyboard in Resources */,
			);
			runOnlyForDeploymentPostprocessing = 0;
		};
		9D43DEE62279F431006AD17C /* Resources */ = {
			isa = PBXResourcesBuildPhase;
			buildActionMask = 2147483647;
			files = (
			);
			runOnlyForDeploymentPostprocessing = 0;
		};
		9D43DEF12279F431006AD17C /* Resources */ = {
			isa = PBXResourcesBuildPhase;
			buildActionMask = 2147483647;
			files = (
			);
			runOnlyForDeploymentPostprocessing = 0;
		};
/* End PBXResourcesBuildPhase section */

/* Begin PBXShellScriptBuildPhase section */
		364F9A1B3460942AF0528174 /* [CP] Check Pods Manifest.lock */ = {
			isa = PBXShellScriptBuildPhase;
			buildActionMask = 2147483647;
			files = (
			);
			inputFileListPaths = (
			);
			inputPaths = (
				"${PODS_PODFILE_DIR_PATH}/Podfile.lock",
				"${PODS_ROOT}/Manifest.lock",
			);
			name = "[CP] Check Pods Manifest.lock";
			outputFileListPaths = (
			);
			outputPaths = (
				"$(DERIVED_FILE_DIR)/Pods-loginFacebook-checkManifestLockResult.txt",
			);
			runOnlyForDeploymentPostprocessing = 0;
			shellPath = /bin/sh;
			shellScript = "diff \"${PODS_PODFILE_DIR_PATH}/Podfile.lock\" \"${PODS_ROOT}/Manifest.lock\" > /dev/null\nif [ $? != 0 ] ; then\n    # print error to STDERR\n    echo \"error: The sandbox is not in sync with the Podfile.lock. Run 'pod install' or update your CocoaPods installation.\" >&2\n    exit 1\nfi\n# This output is used by Xcode 'outputs' to avoid re-running this script phase.\necho \"SUCCESS\" > \"${SCRIPT_OUTPUT_FILE_0}\"\n";
			showEnvVarsInLog = 0;
		};
/* End PBXShellScriptBuildPhase section */

/* Begin PBXSourcesBuildPhase section */
		9D43DED02279F42F006AD17C /* Sources */ = {
			isa = PBXSourcesBuildPhase;
			buildActionMask = 2147483647;
			files = (
				9D43DEDA2279F42F006AD17C /* ViewController.swift in Sources */,
				9D43DED82279F42F006AD17C /* AppDelegate.swift in Sources */,
			);
			runOnlyForDeploymentPostprocessing = 0;
		};
		9D43DEE42279F431006AD17C /* Sources */ = {
			isa = PBXSourcesBuildPhase;
			buildActionMask = 2147483647;
			files = (
				9D43DEED2279F431006AD17C /* loginFacebookTests.swift in Sources */,
			);
			runOnlyForDeploymentPostprocessing = 0;
		};
		9D43DEEF2279F431006AD17C /* Sources */ = {
			isa = PBXSourcesBuildPhase;
			buildActionMask = 2147483647;
			files = (
				9D43DEF82279F431006AD17C /* loginFacebookUITests.swift in Sources */,
			);
			runOnlyForDeploymentPostprocessing = 0;
		};
/* End PBXSourcesBuildPhase section */

/* Begin PBXTargetDependency section */
		9D43DEEA2279F431006AD17C /* PBXTargetDependency */ = {
			isa = PBXTargetDependency;
			target = 9D43DED32279F42F006AD17C /* loginFacebook */;
			targetProxy = 9D43DEE92279F431006AD17C /* PBXContainerItemProxy */;
		};
		9D43DEF52279F431006AD17C /* PBXTargetDependency */ = {
			isa = PBXTargetDependency;
			target = 9D43DED32279F42F006AD17C /* loginFacebook */;
			targetProxy = 9D43DEF42279F431006AD17C /* PBXContainerItemProxy */;
		};
/* End PBXTargetDependency section */

/* Begin PBXVariantGroup section */
		9D43DEDB2279F42F006AD17C /* Main.storyboard */ = {
			isa = PBXVariantGroup;
			children = (
				9D43DEDC2279F42F006AD17C /* Base */,
			);
			name = Main.storyboard;
			sourceTree = "<group>";
		};
		9D43DEE02279F430006AD17C /* LaunchScreen.storyboard */ = {
			isa = PBXVariantGroup;
			children = (
				9D43DEE12279F430006AD17C /* Base */,
			);
			name = LaunchScreen.storyboard;
			sourceTree = "<group>";
		};
/* End PBXVariantGroup section */

/* Begin XCBuildConfiguration section */
		9D43DEFA2279F431006AD17C /* Debug */ = {
			isa = XCBuildConfiguration;
			buildSettings = {
				ALWAYS_SEARCH_USER_PATHS = NO;
				CLANG_ANALYZER_NONNULL = YES;
				CLANG_ANALYZER_NUMBER_OBJECT_CONVERSION = YES_AGGRESSIVE;
				CLANG_CXX_LANGUAGE_STANDARD = "gnu++14";
				CLANG_CXX_LIBRARY = "libc++";
				CLANG_ENABLE_MODULES = YES;
				CLANG_ENABLE_OBJC_ARC = YES;
				CLANG_ENABLE_OBJC_WEAK = YES;
				CLANG_WARN_BLOCK_CAPTURE_AUTORELEASING = YES;
				CLANG_WARN_BOOL_CONVERSION = YES;
				CLANG_WARN_COMMA = YES;
				CLANG_WARN_CONSTANT_CONVERSION = YES;
				CLANG_WARN_DEPRECATED_OBJC_IMPLEMENTATIONS = YES;
				CLANG_WARN_DIRECT_OBJC_ISA_USAGE = YES_ERROR;
				CLANG_WARN_DOCUMENTATION_COMMENTS = YES;
				CLANG_WARN_EMPTY_BODY = YES;
				CLANG_WARN_ENUM_CONVERSION = YES;
				CLANG_WARN_INFINITE_RECURSION = YES;
				CLANG_WARN_INT_CONVERSION = YES;
				CLANG_WARN_NON_LITERAL_NULL_CONVERSION = YES;
				CLANG_WARN_OBJC_IMPLICIT_RETAIN_SELF = YES;
				CLANG_WARN_OBJC_LITERAL_CONVERSION = YES;
				CLANG_WARN_OBJC_ROOT_CLASS = YES_ERROR;
				CLANG_WARN_RANGE_LOOP_ANALYSIS = YES;
				CLANG_WARN_STRICT_PROTOTYPES = YES;
				CLANG_WARN_SUSPICIOUS_MOVE = YES;
				CLANG_WARN_UNGUARDED_AVAILABILITY = YES_AGGRESSIVE;
				CLANG_WARN_UNREACHABLE_CODE = YES;
				CLANG_WARN__DUPLICATE_METHOD_MATCH = YES;
				CODE_SIGN_IDENTITY = "iPhone Developer";
				COPY_PHASE_STRIP = NO;
				DEBUG_INFORMATION_FORMAT = dwarf;
				ENABLE_STRICT_OBJC_MSGSEND = YES;
				ENABLE_TESTABILITY = YES;
				GCC_C_LANGUAGE_STANDARD = gnu11;
				GCC_DYNAMIC_NO_PIC = NO;
				GCC_NO_COMMON_BLOCKS = YES;
				GCC_OPTIMIZATION_LEVEL = 0;
				GCC_PREPROCESSOR_DEFINITIONS = (
					"DEBUG=1",
					"$(inherited)",
				);
				GCC_WARN_64_TO_32_BIT_CONVERSION = YES;
				GCC_WARN_ABOUT_RETURN_TYPE = YES_ERROR;
				GCC_WARN_UNDECLARED_SELECTOR = YES;
				GCC_WARN_UNINITIALIZED_AUTOS = YES_AGGRESSIVE;
				GCC_WARN_UNUSED_FUNCTION = YES;
				GCC_WARN_UNUSED_VARIABLE = YES;
				IPHONEOS_DEPLOYMENT_TARGET = 12.1;
				MTL_ENABLE_DEBUG_INFO = INCLUDE_SOURCE;
				MTL_FAST_MATH = YES;
				ONLY_ACTIVE_ARCH = YES;
				SDKROOT = iphoneos;
				SWIFT_ACTIVE_COMPILATION_CONDITIONS = DEBUG;
				SWIFT_OPTIMIZATION_LEVEL = "-Onone";
			};
			name = Debug;
		};
		9D43DEFB2279F431006AD17C /* Release */ = {
			isa = XCBuildConfiguration;
			buildSettings = {
				ALWAYS_SEARCH_USER_PATHS = NO;
				CLANG_ANALYZER_NONNULL = YES;
				CLANG_ANALYZER_NUMBER_OBJECT_CONVERSION = YES_AGGRESSIVE;
				CLANG_CXX_LANGUAGE_STANDARD = "gnu++14";
				CLANG_CXX_LIBRARY = "libc++";
				CLANG_ENABLE_MODULES = YES;
				CLANG_ENABLE_OBJC_ARC = YES;
				CLANG_ENABLE_OBJC_WEAK = YES;
				CLANG_WARN_BLOCK_CAPTURE_AUTORELEASING = YES;
				CLANG_WARN_BOOL_CONVERSION = YES;
				CLANG_WARN_COMMA = YES;
				CLANG_WARN_CONSTANT_CONVERSION = YES;
				CLANG_WARN_DEPRECATED_OBJC_IMPLEMENTATIONS = YES;
				CLANG_WARN_DIRECT_OBJC_ISA_USAGE = YES_ERROR;
				CLANG_WARN_DOCUMENTATION_COMMENTS = YES;
				CLANG_WARN_EMPTY_BODY = YES;
				CLANG_WARN_ENUM_CONVERSION = YES;
				CLANG_WARN_INFINITE_RECURSION = YES;
				CLANG_WARN_INT_CONVERSION = YES;
				CLANG_WARN_NON_LITERAL_NULL_CONVERSION = YES;
				CLANG_WARN_OBJC_IMPLICIT_RETAIN_SELF = YES;
				CLANG_WARN_OBJC_LITERAL_CONVERSION = YES;
				CLANG_WARN_OBJC_ROOT_CLASS = YES_ERROR;
				CLANG_WARN_RANGE_LOOP_ANALYSIS = YES;
				CLANG_WARN_STRICT_PROTOTYPES = YES;
				CLANG_WARN_SUSPICIOUS_MOVE = YES;
				CLANG_WARN_UNGUARDED_AVAILABILITY = YES_AGGRESSIVE;
				CLANG_WARN_UNREACHABLE_CODE = YES;
				CLANG_WARN__DUPLICATE_METHOD_MATCH = YES;
				CODE_SIGN_IDENTITY = "iPhone Developer";
				COPY_PHASE_STRIP = NO;
				DEBUG_INFORMATION_FORMAT = "dwarf-with-dsym";
				ENABLE_NS_ASSERTIONS = NO;
				ENABLE_STRICT_OBJC_MSGSEND = YES;
				GCC_C_LANGUAGE_STANDARD = gnu11;
				GCC_NO_COMMON_BLOCKS = YES;
				GCC_WARN_64_TO_32_BIT_CONVERSION = YES;
				GCC_WARN_ABOUT_RETURN_TYPE = YES_ERROR;
				GCC_WARN_UNDECLARED_SELECTOR = YES;
				GCC_WARN_UNINITIALIZED_AUTOS = YES_AGGRESSIVE;
				GCC_WARN_UNUSED_FUNCTION = YES;
				GCC_WARN_UNUSED_VARIABLE = YES;
				IPHONEOS_DEPLOYMENT_TARGET = 12.1;
				MTL_ENABLE_DEBUG_INFO = NO;
				MTL_FAST_MATH = YES;
				SDKROOT = iphoneos;
				SWIFT_COMPILATION_MODE = wholemodule;
				SWIFT_OPTIMIZATION_LEVEL = "-O";
				VALIDATE_PRODUCT = YES;
			};
			name = Release;
		};
		9D43DEFD2279F431006AD17C /* Debug */ = {
			isa = XCBuildConfiguration;
			baseConfigurationReference = 23B797B7C0A7CA340A523CBF /* Pods-loginFacebook.debug.xcconfig */;
			buildSettings = {
				ASSETCATALOG_COMPILER_APPICON_NAME = AppIcon;
				CODE_SIGN_STYLE = Automatic;
				DEVELOPMENT_TEAM = PBBT599Q77;
				FRAMEWORK_SEARCH_PATHS = (
					"$(inherited)",
					"$(PROJECT_DIR)",
				);
				INFOPLIST_FILE = loginFacebook/Info.plist;
				LD_RUNPATH_SEARCH_PATHS = (
					"$(inherited)",
					"@executable_path/Frameworks",
				);
				PRODUCT_BUNDLE_IDENTIFIER = kevinphamdev.com.loginFacebook;
				PRODUCT_NAME = "$(TARGET_NAME)";
				SWIFT_VERSION = 4.2;
				TARGETED_DEVICE_FAMILY = "1,2";
			};
			name = Debug;
		};
		9D43DEFE2279F431006AD17C /* Release */ = {
			isa = XCBuildConfiguration;
			baseConfigurationReference = 9C2B84B64148F2E6AC554FBA /* Pods-loginFacebook.release.xcconfig */;
			buildSettings = {
				ASSETCATALOG_COMPILER_APPICON_NAME = AppIcon;
				CODE_SIGN_STYLE = Automatic;
				DEVELOPMENT_TEAM = PBBT599Q77;
				FRAMEWORK_SEARCH_PATHS = (
					"$(inherited)",
					"$(PROJECT_DIR)",
				);
				INFOPLIST_FILE = loginFacebook/Info.plist;
				LD_RUNPATH_SEARCH_PATHS = (
					"$(inherited)",
					"@executable_path/Frameworks",
				);
				PRODUCT_BUNDLE_IDENTIFIER = kevinphamdev.com.loginFacebook;
				PRODUCT_NAME = "$(TARGET_NAME)";
				SWIFT_VERSION = 4.2;
				TARGETED_DEVICE_FAMILY = "1,2";
			};
			name = Release;
		};
		9D43DF002279F431006AD17C /* Debug */ = {
			isa = XCBuildConfiguration;
			buildSettings = {
				ALWAYS_EMBED_SWIFT_STANDARD_LIBRARIES = YES;
				BUNDLE_LOADER = "$(TEST_HOST)";
				CODE_SIGN_STYLE = Automatic;
				DEVELOPMENT_TEAM = PBBT599Q77;
				FRAMEWORK_SEARCH_PATHS = (
					"$(inherited)",
					"$(PROJECT_DIR)/loginFacebookTests",
				);
				INFOPLIST_FILE = loginFacebookTests/Info.plist;
				LD_RUNPATH_SEARCH_PATHS = (
					"$(inherited)",
					"@executable_path/Frameworks",
					"@loader_path/Frameworks",
				);
				PRODUCT_BUNDLE_IDENTIFIER = kevinphamdev.com.loginFacebookTests;
				PRODUCT_NAME = "$(TARGET_NAME)";
				SWIFT_VERSION = 4.2;
				TARGETED_DEVICE_FAMILY = "1,2";
				TEST_HOST = "$(BUILT_PRODUCTS_DIR)/loginFacebook.app/loginFacebook";
			};
			name = Debug;
		};
		9D43DF012279F431006AD17C /* Release */ = {
			isa = XCBuildConfiguration;
			buildSettings = {
				ALWAYS_EMBED_SWIFT_STANDARD_LIBRARIES = YES;
				BUNDLE_LOADER = "$(TEST_HOST)";
				CODE_SIGN_STYLE = Automatic;
				DEVELOPMENT_TEAM = PBBT599Q77;
				FRAMEWORK_SEARCH_PATHS = (
					"$(inherited)",
					"$(PROJECT_DIR)/loginFacebookTests",
				);
				INFOPLIST_FILE = loginFacebookTests/Info.plist;
				LD_RUNPATH_SEARCH_PATHS = (
					"$(inherited)",
					"@executable_path/Frameworks",
					"@loader_path/Frameworks",
				);
				PRODUCT_BUNDLE_IDENTIFIER = kevinphamdev.com.loginFacebookTests;
				PRODUCT_NAME = "$(TARGET_NAME)";
				SWIFT_VERSION = 4.2;
				TARGETED_DEVICE_FAMILY = "1,2";
				TEST_HOST = "$(BUILT_PRODUCTS_DIR)/loginFacebook.app/loginFacebook";
			};
			name = Release;
		};
		9D43DF032279F431006AD17C /* Debug */ = {
			isa = XCBuildConfiguration;
			buildSettings = {
				ALWAYS_EMBED_SWIFT_STANDARD_LIBRARIES = YES;
				CODE_SIGN_STYLE = Automatic;
				DEVELOPMENT_TEAM = PBBT599Q77;
				INFOPLIST_FILE = loginFacebookUITests/Info.plist;
				LD_RUNPATH_SEARCH_PATHS = (
					"$(inherited)",
					"@executable_path/Frameworks",
					"@loader_path/Frameworks",
				);
				PRODUCT_BUNDLE_IDENTIFIER = kevinphamdev.com.loginFacebookUITests;
				PRODUCT_NAME = "$(TARGET_NAME)";
				SWIFT_VERSION = 4.2;
				TARGETED_DEVICE_FAMILY = "1,2";
				TEST_TARGET_NAME = loginFacebook;
			};
			name = Debug;
		};
		9D43DF042279F431006AD17C /* Release */ = {
			isa = XCBuildConfiguration;
			buildSettings = {
				ALWAYS_EMBED_SWIFT_STANDARD_LIBRARIES = YES;
				CODE_SIGN_STYLE = Automatic;
				DEVELOPMENT_TEAM = PBBT599Q77;
				INFOPLIST_FILE = loginFacebookUITests/Info.plist;
				LD_RUNPATH_SEARCH_PATHS = (
					"$(inherited)",
					"@executable_path/Frameworks",
					"@loader_path/Frameworks",
				);
				PRODUCT_BUNDLE_IDENTIFIER = kevinphamdev.com.loginFacebookUITests;
				PRODUCT_NAME = "$(TARGET_NAME)";
				SWIFT_VERSION = 4.2;
				TARGETED_DEVICE_FAMILY = "1,2";
				TEST_TARGET_NAME = loginFacebook;
			};
			name = Release;
		};
/* End XCBuildConfiguration section */

/* Begin XCConfigurationList section */
		9D43DECF2279F42F006AD17C /* Build configuration list for PBXProject "loginFacebook" */ = {
			isa = XCConfigurationList;
			buildConfigurations = (
				9D43DEFA2279F431006AD17C /* Debug */,
				9D43DEFB2279F431006AD17C /* Release */,
			);
			defaultConfigurationIsVisible = 0;
			defaultConfigurationName = Release;
		};
		9D43DEFC2279F431006AD17C /* Build configuration list for PBXNativeTarget "loginFacebook" */ = {
			isa = XCConfigurationList;
			buildConfigurations = (
				9D43DEFD2279F431006AD17C /* Debug */,
				9D43DEFE2279F431006AD17C /* Release */,
			);
			defaultConfigurationIsVisible = 0;
			defaultConfigurationName = Release;
		};
		9D43DEFF2279F431006AD17C /* Build configuration list for PBXNativeTarget "loginFacebookTests" */ = {
			isa = XCConfigurationList;
			buildConfigurations = (
				9D43DF002279F431006AD17C /* Debug */,
				9D43DF012279F431006AD17C /* Release */,
			);
			defaultConfigurationIsVisible = 0;
			defaultConfigurationName = Release;
		};
		9D43DF022279F431006AD17C /* Build configuration list for PBXNativeTarget "loginFacebookUITests" */ = {
			isa = XCConfigurationList;
			buildConfigurations = (
				9D43DF032279F431006AD17C /* Debug */,
				9D43DF042279F431006AD17C /* Release */,
			);
			defaultConfigurationIsVisible = 0;
			defaultConfigurationName = Release;
		};
/* End XCConfigurationList section */
	};
	rootObject = 9D43DECC2279F42F006AD17C /* Project object */;
}
